{
  "name": "find-anagrams",
  "version": "1.0.0",
  "lockfileVersion": 2,
  "requires": true,
  "packages": {
    "": {
      "name": "find-anagrams",
      "version": "1.0.0",
      "license": "ISC",
      "dependencies": {
        "an-array-of-english-words": "^2.0.0"
      }
    },
    "node_modules/an-array-of-english-words": {
      "version": "2.0.0",
      "resolved": "https://registry.npmjs.org/an-array-of-english-words/-/an-array-of-english-words-2.0.0.tgz",
      "integrity": "sha512-FXnNvZSOI27kkKXeLSquhaTGP7z198UOQ4txaYO9fCfrjCh+D5SV7G7XqzEH0229+pAi4cjBEZ4WIQYgjKtO7Q==",
      "bin": {
        "an-array-of-english-words": "cli.js",
        "words": "cli.js"
      }
    }
  },
  "dependencies": {
    "an-array-of-english-words": {
      "version": "2.0.0",
      "resolved": "https://registry.npmjs.org/an-array-of-english-words/-/an-array-of-english-words-2.0.0.tgz",
      "integrity": "sha512-FXnNvZSOI27kkKXeLSquhaTGP7z198UOQ4txaYO9fCfrjCh+D5SV7G7XqzEH0229+pAi4cjBEZ4WIQYgjKtO7Q=="
    }
  }
}
